# This file is automatically @generated by Poetry 2.2.1 and should not be changed by hand.

[[package]]
name = "imap-tools"
version = "1.11.0"
description = "Work with email by IMAP"
optional = false
python-versions = "*"
groups = ["main"]
files = [
    {file = "imap_tools-1.11.0-py3-none-any.whl", hash = "sha256:7c797b421fdf1b898b4ee0042fe02d10037d56f9acacca64086c2af36d830a24"},
    {file = "imap_tools-1.11.0.tar.gz", hash = "sha256:77b055d301f24e668ff54ad50cc32a36d1579c6aa9b26e5fb6501fb622feb6ea"},
]

[[package]]
name = "python-dotenv"
version = "1.2.1"
description = "Read key-value pairs from a .env file and set them as environment variables"
optional = false
python-versions = ">=3.9"
groups = ["main"]
files = [
    {file = "python_dotenv-1.2.1-py3-none-any.whl", hash = "sha256:b81ee9561e9ca4004139c6cbba3a238c32b03e4894671e181b671e8cb8425d61"},
    {file = "python_dotenv-1.2.1.tar.gz", hash = "sha256:42667e897e16ab0d66954af0e60a9caa94f0fd4ecf3aaf6d2d260eec1aa36ad6"},
]

[package.extras]
cli = ["click (>=5.0)"]

[metadata]
lock-version = "2.1"
python-versions = ">=3.12"
content-hash = "299919eef96cfeb388aaf103a7eaaeb2c075f61885ac57d686731b544cba4be3"
